<?xml version="1.0" encoding="utf-8"?>
<Project ToolsVersion="4.0" xmlns="http://schemas.microsoft.com/developer/msbuild/2003">
  <ItemGroup>
    <Filter Include="Source Files">
      <UniqueIdentifier>{4FC737F1-C7A5-4376-A066-2A32D752A2FF}</UniqueIdentifier>
      <Extensions>cpp;c;cc;cxx;c++;cppm;ixx;def;odl;idl;hpj;bat;asm;asmx</Extensions>
    </Filter>
    <Filter Include="Header Files">
      <UniqueIdentifier>{93995380-89BD-4b04-88EB-625FBE52EBFB}</UniqueIdentifier>
      <Extensions>h;hh;hpp;hxx;h++;hm;inl;inc;ipp;xsd</Extensions>
    </Filter>
    <Filter Include="Resource Files">
      <UniqueIdentifier>{67DA6AB6-F800-4c08-8B7A-83BB121AAD01}</UniqueIdentifier>
      <Extensions>rc;ico;cur;bmp;dlg;rc2;rct;bin;rgs;gif;jpg;jpeg;jpe;resx;tiff;tif;png;wav;mfcribbon-ms</Extensions>
    </Filter>
    <Filter Include="Resource Files\Shaders">
      <UniqueIdentifier>{aadd5f3e-05b5-4a3a-898a-c81ad3e8448a}</UniqueIdentifier>
    </Filter>
    <Filter Include="Resource Files\Textures">
      <UniqueIdentifier>{ecc438d4-05ce-4274-9294-05ab88c13e2e}</UniqueIdentifier>
    </Filter>
    <Filter Include="Header Files\Renderer">
      <UniqueIdentifier>{d79ee75e-b571-462d-b545-337877ad25c4}</UniqueIdentifier>
    </Filter>
    <Filter Include="Header Files\Physics">
      <UniqueIdentifier>{2a10ee61-519f-452a-aa81-56b6dc28b7c8}</UniqueIdentifier>
    </Filter>
    <Filter Include="Source Files\Physics">
      <UniqueIdentifier>{9818c558-3bdd-415d-91ca-890318c9ebeb}</UniqueIdentifier>
    </Filter>
    <Filter Include="Header Files\Renderables">
      <UniqueIdentifier>{f585ba4e-56ad-420d-a313-92694f52a692}</UniqueIdentifier>
    </Filter>
    <Filter Include="Header Files\Components">
      <UniqueIdentifier>{8c312dd9-53e1-4ace-bee4-25bf717ceab5}</UniqueIdentifier>
    </Filter>
    <Filter Include="Header Files\Core">
      <UniqueIdentifier>{1bdd6d05-179a-49b2-b357-270e2e8d4f10}</UniqueIdentifier>
    </Filter>
    <Filter Include="Resource Files\Models">
      <UniqueIdentifier>{6e7682c3-45c7-44b9-819c-d0706bcc9aa7}</UniqueIdentifier>
    </Filter>
    <Filter Include="Source Files\imgui">
      <UniqueIdentifier>{afd4ad20-c701-4647-8c8c-d1010744d673}</UniqueIdentifier>
    </Filter>
    <Filter Include="Header Files\Utils">
      <UniqueIdentifier>{e38af5b7-43c4-4778-9a60-ebaccda323e6}</UniqueIdentifier>
    </Filter>
    <Filter Include="Header Files\Core\ECS">
      <UniqueIdentifier>{da321628-a2cf-47f3-9375-55f666799639}</UniqueIdentifier>
    </Filter>
    <Filter Include="Header Files\Renderer\Basic">
      <UniqueIdentifier>{a6438174-3b9a-469f-b2c6-9286a896ee82}</UniqueIdentifier>
    </Filter>
  </ItemGroup>
  <ItemGroup>
    <None Include="shaders\flat.frag">
      <Filter>Resource Files\Shaders</Filter>
    </None>
    <None Include="shaders\flat.vert">
      <Filter>Resource Files\Shaders</Filter>
    </None>
    <None Include="shaders\default.frag">
      <Filter>Resource Files\Shaders</Filter>
    </None>
    <None Include="shaders\default.vert">
      <Filter>Resource Files\Shaders</Filter>
    </None>
    <None Include="shaders\basic.vert">
      <Filter>Resource Files\Shaders</Filter>
    </None>
    <None Include="shaders\basic.frag">
      <Filter>Resource Files\Shaders</Filter>
    </None>
    <None Include="Resources\Models\bunny.dat">
      <Filter>Resource Files\Models</Filter>
    </None>
    <None Include="Resources\Models\bunny.stl">
      <Filter>Resource Files\Models</Filter>
    </None>
    <None Include="Resources\Models\cube.stl">
      <Filter>Resource Files\Models</Filter>
    </None>
    <None Include="Resources\Models\output.dat">
      <Filter>Resource Files\Models</Filter>
    </None>
    <None Include="Resources\Models\paladin.dat">
      <Filter>Resource Files\Models</Filter>
    </None>
    <None Include="Resources\Models\paladin.stl">
      <Filter>Resource Files\Models</Filter>
    </None>
    <None Include="Resources\Models\trump.stl">
      <Filter>Resource Files\Models</Filter>
    </None>
  </ItemGroup>
  <ItemGroup>
    <Image Include="Resources\Textures\brick.jpg">
      <Filter>Resource Files\Textures</Filter>
    </Image>
    <Image Include="Resources\Textures\brick_spec.png">
      <Filter>Resource Files\Textures</Filter>
    </Image>
    <Image Include="Resources\Textures\chessboard.jpg">
      <Filter>Resource Files\Textures</Filter>
    </Image>
    <Image Include="Resources\Textures\planks.png">
      <Filter>Resource Files\Textures</Filter>
    </Image>
    <Image Include="Resources\Textures\planksSpec.png">
      <Filter>Resource Files\Textures</Filter>
    </Image>
    <Image Include="Resources\Textures\squarecat.png">
      <Filter>Resource Files\Textures</Filter>
    </Image>
  </ItemGroup>
  <ItemGroup>
    <ClInclude Include="src\components\Components.h">
      <Filter>Header Files\Components</Filter>
    </ClInclude>
    <ClInclude Include="src\components\Transform.h">
      <Filter>Header Files\Components</Filter>
    </ClInclude>
    <ClInclude Include="src\renderables\Mesh.h">
      <Filter>Header Files\Renderables</Filter>
    </ClInclude>
    <ClInclude Include="src\renderables\Points.h">
      <Filter>Header Files\Renderables</Filter>
    </ClInclude>
    <ClInclude Include="src\renderables\Lines.h">
      <Filter>Header Files\Renderables</Filter>
    </ClInclude>
    <ClInclude Include="src\renderables\Model.h">
      <Filter>Header Files\Renderables</Filter>
    </ClInclude>
    <ClInclude Include="src\core\WindowManager.h">
      <Filter>Header Files\Core</Filter>
    </ClInclude>
    <ClInclude Include="src\renderer\Camera.h">
      <Filter>Header Files\Renderer</Filter>
    </ClInclude>
    <ClInclude Include="src\renderer\RenderSystem.h">
      <Filter>Header Files\Renderer</Filter>
    </ClInclude>
    <ClInclude Include="src\core\GlobalTypes.h">
      <Filter>Header Files\Core</Filter>
    </ClInclude>
    <ClInclude Include="src\components\RenderInfo.h">
      <Filter>Header Files\Components</Filter>
    </ClInclude>
    <ClInclude Include="src\core\UniformBufferManager.h">
      <Filter>Header Files\Core</Filter>
    </ClInclude>
    <ClInclude Include="src\renderables\Renderable.h">
      <Filter>Header Files\Renderables</Filter>
    </ClInclude>
    <ClInclude Include="src\components\TextureInfo.h">
      <Filter>Header Files\Components</Filter>
    </ClInclude>
    <ClInclude Include="src\imgui\imconfig.h">
      <Filter>Source Files\imgui</Filter>
    </ClInclude>
    <ClInclude Include="src\imgui\imgui.h">
      <Filter>Source Files\imgui</Filter>
    </ClInclude>
    <ClInclude Include="src\imgui\imgui_impl_glfw.h">
      <Filter>Source Files\imgui</Filter>
    </ClInclude>
    <ClInclude Include="src\imgui\imgui_impl_opengl3.h">
      <Filter>Source Files\imgui</Filter>
    </ClInclude>
    <ClInclude Include="src\imgui\imgui_impl_opengl3_loader.h">
      <Filter>Source Files\imgui</Filter>
    </ClInclude>
    <ClInclude Include="src\imgui\imgui_internal.h">
      <Filter>Source Files\imgui</Filter>
    </ClInclude>
    <ClInclude Include="src\imgui\imstb_rectpack.h">
      <Filter>Source Files\imgui</Filter>
    </ClInclude>
    <ClInclude Include="src\imgui\imstb_textedit.h">
      <Filter>Source Files\imgui</Filter>
    </ClInclude>
    <ClInclude Include="src\imgui\imstb_truetype.h">
      <Filter>Source Files\imgui</Filter>
    </ClInclude>
    <ClInclude Include="src\core\GUI.h">
      <Filter>Header Files\Renderer</Filter>
    </ClInclude>
    <ClInclude Include="src\physics\BoundingBox.h">
      <Filter>Header Files\Physics</Filter>
    </ClInclude>
    <ClInclude Include="src\physics\PhysicsSystem.h">
      <Filter>Header Files\Physics</Filter>
    </ClInclude>
    <ClInclude Include="src\utils\SimpleShapes.h">
      <Filter>Header Files\Utils</Filter>
    </ClInclude>
    <ClInclude Include="src\utils\Utils.h">
      <Filter>Header Files\Utils</Filter>
    </ClInclude>
    <ClInclude Include="src\utils\MeshImport.h">
      <Filter>Header Files\Utils</Filter>
    </ClInclude>
    <ClInclude Include="src\components\Rigidbody.h">
      <Filter>Header Files\Components</Filter>
    </ClInclude>
    <ClInclude Include="src\core\EntityManager.h">
      <Filter>Header Files\Core\ECS</Filter>
    </ClInclude>
    <ClInclude Include="src\core\ComponentArray.h">
      <Filter>Header Files\Core\ECS</Filter>
    </ClInclude>
    <ClInclude Include="src\core\ComponentManager.h">
      <Filter>Header Files\Core\ECS</Filter>
    </ClInclude>
    <ClInclude Include="src\core\ECS.h">
      <Filter>Header Files\Core\ECS</Filter>
    </ClInclude>
    <ClInclude Include="src\core\System.h">
      <Filter>Header Files\Core\ECS</Filter>
    </ClInclude>
    <ClInclude Include="src\core\SystemManager.h">
      <Filter>Header Files\Core\ECS</Filter>
    </ClInclude>
    <ClInclude Include="src\renderer\EBO.h">
      <Filter>Header Files\Renderer\Basic</Filter>
    </ClInclude>
    <ClInclude Include="src\renderer\VAO.h">
      <Filter>Header Files\Renderer\Basic</Filter>
    </ClInclude>
    <ClInclude Include="src\renderer\VBO.h">
      <Filter>Header Files\Renderer\Basic</Filter>
    </ClInclude>
    <ClInclude Include="src\renderer\shaderClass.h">
      <Filter>Header Files\Renderer\Basic</Filter>
    </ClInclude>
    <ClInclude Include="src\renderer\Texture.h">
      <Filter>Header Files\Renderer\Basic</Filter>
    </ClInclude>
    <ClInclude Include="src\physics\DynamicTree.h">
      <Filter>Header Files\Physics</Filter>
    </ClInclude>
    <ClInclude Include="src\physics\StaticTree.h">
      <Filter>Header Files\Physics</Filter>
    </ClInclude>
    <ClInclude Include="src\utils\Timer.h">
      <Filter>Header Files\Utils</Filter>
    </ClInclude>
    <ClInclude Include="src\utils\ThreadPool.h">
      <Filter>Header Files\Utils</Filter>
    </ClInclude>
    <ClInclude Include="src\components\Collider.h">
      <Filter>Header Files\Components</Filter>
    </ClInclude>
    <ClInclude Include="src\physics\Solver.h">
      <Filter>Header Files\Physics</Filter>
    </ClInclude>
    <ClInclude Include="src\physics\Solvers.h">
      <Filter>Header Files\Physics</Filter>
    </ClInclude>
    <ClInclude Include="src\physics\MeshCollider.h">
      <Filter>Header Files\Physics</Filter>
    </ClInclude>
    <ClInclude Include="src\utils\MeshSimplify.h">
      <Filter>Header Files\Utils</Filter>
    </ClInclude>
    <ClInclude Include="src\utils\MeshProcessing.h">
      <Filter>Header Files\Utils</Filter>
    </ClInclude>
  </ItemGroup>
  <ItemGroup>
    <ClCompile Include="src\renderer\RenderSystem.cpp">
      <Filter>Source Files</Filter>
    </ClCompile>
    <ClCompile Include="src\glad.c">
      <Filter>Source Files</Filter>
    </ClCompile>
    <ClCompile Include="src\Main.cpp">
      <Filter>Source Files</Filter>
    </ClCompile>
    <ClCompile Include="src\stb.cpp">
      <Filter>Source Files</Filter>
    </ClCompile>
    <ClCompile Include="src\imgui\imgui.cpp">
      <Filter>Source Files\imgui</Filter>
    </ClCompile>
    <ClCompile Include="src\imgui\imgui_demo.cpp">
      <Filter>Source Files\imgui</Filter>
    </ClCompile>
    <ClCompile Include="src\imgui\imgui_draw.cpp">
      <Filter>Source Files\imgui</Filter>
    </ClCompile>
    <ClCompile Include="src\imgui\imgui_impl_glfw.cpp">
      <Filter>Source Files\imgui</Filter>
    </ClCompile>
    <ClCompile Include="src\imgui\imgui_impl_opengl3.cpp">
      <Filter>Source Files\imgui</Filter>
    </ClCompile>
    <ClCompile Include="src\imgui\imgui_tables.cpp">
      <Filter>Source Files\imgui</Filter>
    </ClCompile>
    <ClCompile Include="src\imgui\imgui_widgets.cpp">
      <Filter>Source Files\imgui</Filter>
    </ClCompile>
  </ItemGroup>
</Project>